// !$*UTF8*$!
{
	archiveVersion = 1;
	classes = {
	};
	objectVersion = 46;
	objects = {

/* Begin PBXBuildFile section */
		00AC2FC4188E706500CE959C /* Foundation.framework in Frameworks */ = {isa = PBXBuildFile; fileRef = 00AC2FC3188E706500CE959C /* Foundation.framework */; };
		00AC2FC6188E706500CE959C /* CoreGraphics.framework in Frameworks */ = {isa = PBXBuildFile; fileRef = 00AC2FC5188E706500CE959C /* CoreGraphics.framework */; };
		00AC2FC8188E706500CE959C /* UIKit.framework in Frameworks */ = {isa = PBXBuildFile; fileRef = 00AC2FC7188E706500CE959C /* UIKit.framework */; };
		00AC2FCE188E706600CE959C /* InfoPlist.strings in Resources */ = {isa = PBXBuildFile; fileRef = 00AC2FCC188E706600CE959C /* InfoPlist.strings */; };
		00AC2FD0188E706600CE959C /* main.m in Sources */ = {isa = PBXBuildFile; fileRef = 00AC2FCF188E706600CE959C /* main.m */; };
		00AC2FD4188E706600CE959C /* AppDelegate.m in Sources */ = {isa = PBXBuildFile; fileRef = 00AC2FD3188E706600CE959C /* AppDelegate.m */; };
		00AC2FD7188E706600CE959C /* Main.storyboard in Resources */ = {isa = PBXBuildFile; fileRef = 00AC2FD5188E706600CE959C /* Main.storyboard */; };
		00AC2FDA188E706600CE959C /* ViewController.m in Sources */ = {isa = PBXBuildFile; fileRef = 00AC2FD9188E706600CE959C /* ViewController.m */; };
		00AC2FDC188E706600CE959C /* Images.xcassets in Resources */ = {isa = PBXBuildFile; fileRef = 00AC2FDB188E706600CE959C /* Images.xcassets */; };
		00AC2FE3188E706600CE959C /* XCTest.framework in Frameworks */ = {isa = PBXBuildFile; fileRef = 00AC2FE2188E706600CE959C /* XCTest.framework */; };
		00AC2FE4188E706600CE959C /* Foundation.framework in Frameworks */ = {isa = PBXBuildFile; fileRef = 00AC2FC3188E706500CE959C /* Foundation.framework */; };
		00AC2FE5188E706600CE959C /* UIKit.framework in Frameworks */ = {isa = PBXBuildFile; fileRef = 00AC2FC7188E706500CE959C /* UIKit.framework */; };
		00AC2FED188E706600CE959C /* InfoPlist.strings in Resources */ = {isa = PBXBuildFile; fileRef = 00AC2FEB188E706600CE959C /* InfoPlist.strings */; };
		00AC2FEF188E706600CE959C /* Ex3_SdkFbTests.m in Sources */ = {isa = PBXBuildFile; fileRef = 00AC2FEE188E706600CE959C /* Ex3_SdkFbTests.m */; };
		00AC2FF9188E70A000CE959C /* FacebookSDK.framework in Frameworks */ = {isa = PBXBuildFile; fileRef = 00AC2FF8188E70A000CE959C /* FacebookSDK.framework */; };
/* End PBXBuildFile section */

/* Begin PBXContainerItemProxy section */
		00AC2FE6188E706600CE959C /* PBXContainerItemProxy */ = {
			isa = PBXContainerItemProxy;
			containerPortal = 00AC2FB8188E706500CE959C /* Project object */;
			proxyType = 1;
			remoteGlobalIDString = 00AC2FBF188E706500CE959C;
			remoteInfo = Ex3.SdkFb;
		};
/* End PBXContainerItemProxy section */

/* Begin PBXFileReference section */
		00AC2FC0188E706500CE959C /* Ex3.SdkFb.app */ = {isa = PBXFileReference; explicitFileType = wrapper.application; includeInIndex = 0; path = Ex3.SdkFb.app; sourceTree = BUILT_PRODUCTS_DIR; };
		00AC2FC3188E706500CE959C /* Foundation.framework */ = {isa = PBXFileReference; lastKnownFileType = wrapper.framework; name = Foundation.framework; path = System/Library/Frameworks/Foundation.framework; sourceTree = SDKROOT; };
		00AC2FC5188E706500CE959C /* CoreGraphics.framework */ = {isa = PBXFileReference; lastKnownFileType = wrapper.framework; name = CoreGraphics.framework; path = System/Library/Frameworks/CoreGraphics.framework; sourceTree = SDKROOT; };
		00AC2FC7188E706500CE959C /* UIKit.framework */ = {isa = PBXFileReference; lastKnownFileType = wrapper.framework; name = UIKit.framework; path = System/Library/Frameworks/UIKit.framework; sourceTree = SDKROOT; };
		00AC2FCB188E706600CE959C /* Ex3.SdkFb-Info.plist */ = {isa = PBXFileReference; lastKnownFileType = text.plist.xml; path = "Ex3.SdkFb-Info.plist"; sourceTree = "<group>"; };
		00AC2FCD188E706600CE959C /* en */ = {isa = PBXFileReference; lastKnownFileType = text.plist.strings; name = en; path = en.lproj/InfoPlist.strings; sourceTree = "<group>"; };
		00AC2FCF188E706600CE959C /* main.m */ = {isa = PBXFileReference; lastKnownFileType = sourcecode.c.objc; path = main.m; sourceTree = "<group>"; };
		00AC2FD1188E706600CE959C /* Ex3.SdkFb-Prefix.pch */ = {isa = PBXFileReference; lastKnownFileType = sourcecode.c.h; path = "Ex3.SdkFb-Prefix.pch"; sourceTree = "<group>"; };
		00AC2FD2188E706600CE959C /* AppDelegate.h */ = {isa = PBXFileReference; lastKnownFileType = sourcecode.c.h; path = AppDelegate.h; sourceTree = "<group>"; };
		00AC2FD3188E706600CE959C /* AppDelegate.m */ = {isa = PBXFileReference; lastKnownFileType = sourcecode.c.objc; path = AppDelegate.m; sourceTree = "<group>"; };
		00AC2FD6188E706600CE959C /* Base */ = {isa = PBXFileReference; lastKnownFileType = file.storyboard; name = Base; path = Base.lproj/Main.storyboard; sourceTree = "<group>"; };
		00AC2FD8188E706600CE959C /* ViewController.h */ = {isa = PBXFileReference; lastKnownFileType = sourcecode.c.h; path = ViewController.h; sourceTree = "<group>"; };
		00AC2FD9188E706600CE959C /* ViewController.m */ = {isa = PBXFileReference; lastKnownFileType = sourcecode.c.objc; path = ViewController.m; sourceTree = "<group>"; };
		00AC2FDB188E706600CE959C /* Images.xcassets */ = {isa = PBXFileReference; lastKnownFileType = folder.assetcatalog; path = Images.xcassets; sourceTree = "<group>"; };
		00AC2FE1188E706600CE959C /* Ex3.SdkFbTests.xctest */ = {isa = PBXFileReference; explicitFileType = wrapper.cfbundle; includeInIndex = 0; path = Ex3.SdkFbTests.xctest; sourceTree = BUILT_PRODUCTS_DIR; };
		00AC2FE2188E706600CE959C /* XCTest.framework */ = {isa = PBXFileReference; lastKnownFileType = wrapper.framework; name = XCTest.framework; path = Library/Frameworks/XCTest.framework; sourceTree = DEVELOPER_DIR; };
		00AC2FEA188E706600CE959C /* Ex3.SdkFbTests-Info.plist */ = {isa = PBXFileReference; lastKnownFileType = text.plist.xml; path = "Ex3.SdkFbTests-Info.plist"; sourceTree = "<group>"; };
		00AC2FEC188E706600CE959C /* en */ = {isa = PBXFileReference; lastKnownFileType = text.plist.strings; name = en; path = en.lproj/InfoPlist.strings; sourceTree = "<group>"; };
		00AC2FEE188E706600CE959C /* Ex3_SdkFbTests.m */ = {isa = PBXFileReference; lastKnownFileType = sourcecode.c.objc; path = Ex3_SdkFbTests.m; sourceTree = "<group>"; };
		00AC2FF8188E70A000CE959C /* FacebookSDK.framework */ = {isa = PBXFileReference; lastKnownFileType = wrapper.framework; path = FacebookSDK.framework; sourceTree = "<group>"; };
/* End PBXFileReference section */

/* Begin PBXFrameworksBuildPhase section */
		00AC2FBD188E706500CE959C /* Frameworks */ = {
			isa = PBXFrameworksBuildPhase;
			buildActionMask = 2147483647;
			files = (
				00AC2FC6188E706500CE959C /* CoreGraphics.framework in Frameworks */,
				00AC2FF9188E70A000CE959C /* FacebookSDK.framework in Frameworks */,
				00AC2FC8188E706500CE959C /* UIKit.framework in Frameworks */,
				00AC2FC4188E706500CE959C /* Foundation.framework in Frameworks */,
			);
			runOnlyForDeploymentPostprocessing = 0;
		};
		00AC2FDE188E706600CE959C /* Frameworks */ = {
			isa = PBXFrameworksBuildPhase;
			buildActionMask = 2147483647;
			files = (
				00AC2FE3188E706600CE959C /* XCTest.framework in Frameworks */,
				00AC2FE5188E706600CE959C /* UIKit.framework in Frameworks */,
				00AC2FE4188E706600CE959C /* Foundation.framework in Frameworks */,
			);
			runOnlyForDeploymentPostprocessing = 0;
		};
/* End PBXFrameworksBuildPhase section */

/* Begin PBXGroup section */
		00AC2FB7188E706500CE959C = {
			isa = PBXGroup;
			children = (
				00AC2FC9188E706600CE959C /* Ex3.SdkFb */,
				00AC2FE8188E706600CE959C /* Ex3.SdkFbTests */,
				00AC2FC2188E706500CE959C /* Frameworks */,
				00AC2FC1188E706500CE959C /* Products */,
			);
			sourceTree = "<group>";
		};
		00AC2FC1188E706500CE959C /* Products */ = {
			isa = PBXGroup;
			children = (
				00AC2FC0188E706500CE959C /* Ex3.SdkFb.app */,
				00AC2FE1188E706600CE959C /* Ex3.SdkFbTests.xctest */,
			);
			name = Products;
			sourceTree = "<group>";
		};
		00AC2FC2188E706500CE959C /* Frameworks */ = {
			isa = PBXGroup;
			children = (
				00AC2FF8188E70A000CE959C /* FacebookSDK.framework */,
				00AC2FC3188E706500CE959C /* Foundation.framework */,
				00AC2FC5188E706500CE959C /* CoreGraphics.framework */,
				00AC2FC7188E706500CE959C /* UIKit.framework */,
				00AC2FE2188E706600CE959C /* XCTest.framework */,
			);
			name = Frameworks;
			sourceTree = "<group>";
		};
		00AC2FC9188E706600CE959C /* Ex3.SdkFb */ = {
			isa = PBXGroup;
			children = (
				00AC2FD2188E706600CE959C /* AppDelegate.h */,
				00AC2FD3188E706600CE959C /* AppDelegate.m */,
				00AC2FD5188E706600CE959C /* Main.storyboard */,
				00AC2FD8188E706600CE959C /* ViewController.h */,
				00AC2FD9188E706600CE959C /* ViewController.m */,
				00AC2FDB188E706600CE959C /* Images.xcassets */,
				00AC2FCA188E706600CE959C /* Supporting Files */,
			);
			path = Ex3.SdkFb;
			sourceTree = "<group>";
		};
		00AC2FCA188E706600CE959C /* Supporting Files */ = {
			isa = PBXGroup;
			children = (
				00AC2FCB188E706600CE959C /* Ex3.SdkFb-Info.plist */,
				00AC2FCC188E706600CE959C /* InfoPlist.strings */,
				00AC2FCF188E706600CE959C /* main.m */,
				00AC2FD1188E706600CE959C /* Ex3.SdkFb-Prefix.pch */,
			);
			name = "Supporting Files";
			sourceTree = "<group>";
		};
		00AC2FE8188E706600CE959C /* Ex3.SdkFbTests */ = {
			isa = PBXGroup;
			children = (
				00AC2FEE188E706600CE959C /* Ex3_SdkFbTests.m */,
				00AC2FE9188E706600CE959C /* Supporting Files */,
			);
			path = Ex3.SdkFbTests;
			sourceTree = "<group>";
		};
		00AC2FE9188E706600CE959C /* Supporting Files */ = {
			isa = PBXGroup;
			children = (
				00AC2FEA188E706600CE959C /* Ex3.SdkFbTests-Info.plist */,
				00AC2FEB188E706600CE959C /* InfoPlist.strings */,
			);
			name = "Supporting Files";
			sourceTree = "<group>";
		};
/* End PBXGroup section */

/* Begin PBXNativeTarget section */
		00AC2FBF188E706500CE959C /* Ex3.SdkFb */ = {
			isa = PBXNativeTarget;
			buildConfigurationList = 00AC2FF2188E706600CE959C /* Build configuration list for PBXNativeTarget "Ex3.SdkFb" */;
			buildPhases = (
				00AC2FBC188E706500CE959C /* Sources */,
				00AC2FBD188E706500CE959C /* Frameworks */,
				00AC2FBE188E706500CE959C /* Resources */,
			);
			buildRules = (
			);
			dependencies = (
			);
			name = Ex3.SdkFb;
			productName = Ex3.SdkFb;
			productReference = 00AC2FC0188E706500CE959C /* Ex3.SdkFb.app */;
			productType = "com.apple.product-type.application";
		};
		00AC2FE0188E706600CE959C /* Ex3.SdkFbTests */ = {
			isa = PBXNativeTarget;
			buildConfigurationList = 00AC2FF5188E706600CE959C /* Build configuration list for PBXNativeTarget "Ex3.SdkFbTests" */;
			buildPhases = (
				00AC2FDD188E706600CE959C /* Sources */,
				00AC2FDE188E706600CE959C /* Frameworks */,
				00AC2FDF188E706600CE959C /* Resources */,
			);
			buildRules = (
			);
			dependencies = (
				00AC2FE7188E706600CE959C /* PBXTargetDependency */,
			);
			name = Ex3.SdkFbTests;
			productName = Ex3.SdkFbTests;
			productReference = 00AC2FE1188E706600CE959C /* Ex3.SdkFbTests.xctest */;
			productType = "com.apple.product-type.bundle.unit-test";
		};
/* End PBXNativeTarget section */

/* Begin PBXProject section */
		00AC2FB8188E706500CE959C /* Project object */ = {
			isa = PBXProject;
			attributes = {
				LastUpgradeCheck = 0500;
				ORGANIZATIONNAME = T;
				TargetAttributes = {
					00AC2FE0188E706600CE959C = {
						TestTargetID = 00AC2FBF188E706500CE959C;
					};
				};
			};
			buildConfigurationList = 00AC2FBB188E706500CE959C /* Build configuration list for PBXProject "Ex3.SdkFb" */;
			compatibilityVersion = "Xcode 3.2";
			developmentRegion = English;
			hasScannedForEncodings = 0;
			knownRegions = (
				en,
				Base,
			);
			mainGroup = 00AC2FB7188E706500CE959C;
			productRefGroup = 00AC2FC1188E706500CE959C /* Products */;
			projectDirPath = "";
			projectRoot = "";
			targets = (
				00AC2FBF188E706500CE959C /* Ex3.SdkFb */,
				00AC2FE0188E706600CE959C /* Ex3.SdkFbTests */,
			);
		};
/* End PBXProject section */

/* Begin PBXResourcesBuildPhase section */
		00AC2FBE188E706500CE959C /* Resources */ = {
			isa = PBXResourcesBuildPhase;
			buildActionMask = 2147483647;
			files = (
				00AC2FDC188E706600CE959C /* Images.xcassets in Resources */,
				00AC2FCE188E706600CE959C /* InfoPlist.strings in Resources */,
				00AC2FD7188E706600CE959C /* Main.storyboard in Resources */,
			);
			runOnlyForDeploymentPostprocessing = 0;
		};
		00AC2FDF188E706600CE959C /* Resources */ = {
			isa = PBXResourcesBuildPhase;
			buildActionMask = 2147483647;
			files = (
				00AC2FED188E706600CE959C /* InfoPlist.strings in Resources */,
			);
			runOnlyForDeploymentPostprocessing = 0;
		};
/* End PBXResourcesBuildPhase section */

/* Begin PBXSourcesBuildPhase section */
		00AC2FBC188E706500CE959C /* Sources */ = {
			isa = PBXSourcesBuildPhase;
			buildActionMask = 2147483647;
			files = (
				00AC2FDA188E706600CE959C /* ViewController.m in Sources */,
				00AC2FD4188E706600CE959C /* AppDelegate.m in Sources */,
				00AC2FD0188E706600CE959C /* main.m in Sources */,
			);
			runOnlyForDeploymentPostprocessing = 0;
		};
		00AC2FDD188E706600CE959C /* Sources */ = {
			isa = PBXSourcesBuildPhase;
			buildActionMask = 2147483647;
			files = (
				00AC2FEF188E706600CE959C /* Ex3_SdkFbTests.m in Sources */,
			);
			runOnlyForDeploymentPostprocessing = 0;
		};
/* End PBXSourcesBuildPhase section */

/* Begin PBXTargetDependency section */
		00AC2FE7188E706600CE959C /* PBXTargetDependency */ = {
			isa = PBXTargetDependency;
			target = 00AC2FBF188E706500CE959C /* Ex3.SdkFb */;
			targetProxy = 00AC2FE6188E706600CE959C /* PBXContainerItemProxy */;
		};
/* End PBXTargetDependency section */

/* Begin PBXVariantGroup section */
		00AC2FCC188E706600CE959C /* InfoPlist.strings */ = {
			isa = PBXVariantGroup;
			children = (
				00AC2FCD188E706600CE959C /* en */,
			);
			name = InfoPlist.strings;
			sourceTree = "<group>";
		};
		00AC2FD5188E706600CE959C /* Main.storyboard */ = {
			isa = PBXVariantGroup;
			children = (
				00AC2FD6188E706600CE959C /* Base */,
			);
			name = Main.storyboard;
			sourceTree = "<group>";
		};
		00AC2FEB188E706600CE959C /* InfoPlist.strings */ = {
			isa = PBXVariantGroup;
			children = (
				00AC2FEC188E706600CE959C /* en */,
			);
			name = InfoPlist.strings;
			sourceTree = "<group>";
		};
/* End PBXVariantGroup section */

/* Begin XCBuildConfiguration section */
		00AC2FF0188E706600CE959C /* Debug */ = {
			isa = XCBuildConfiguration;
			buildSettings = {
				ALWAYS_SEARCH_USER_PATHS = NO;
				ARCHS = "$(ARCHS_STANDARD_INCLUDING_64_BIT)";
				CLANG_CXX_LANGUAGE_STANDARD = "gnu++0x";
				CLANG_CXX_LIBRARY = "libc++";
				CLANG_ENABLE_MODULES = YES;
				CLANG_ENABLE_OBJC_ARC = YES;
				CLANG_WARN_BOOL_CONVERSION = YES;
				CLANG_WARN_CONSTANT_CONVERSION = YES;
				CLANG_WARN_DIRECT_OBJC_ISA_USAGE = YES_ERROR;
				CLANG_WARN_EMPTY_BODY = YES;
				CLANG_WARN_ENUM_CONVERSION = YES;
				CLANG_WARN_INT_CONVERSION = YES;
				CLANG_WARN_OBJC_ROOT_CLASS = YES_ERROR;
				CLANG_WARN__DUPLICATE_METHOD_MATCH = YES;
				"CODE_SIGN_IDENTITY[sdk=iphoneos*]" = "iPhone Developer";
				COPY_PHASE_STRIP = NO;
				GCC_C_LANGUAGE_STANDARD = gnu99;
				GCC_DYNAMIC_NO_PIC = NO;
				GCC_OPTIMIZATION_LEVEL = 0;
				GCC_PREPROCESSOR_DEFINITIONS = (
					"DEBUG=1",
					"$(inherited)",
				);
				GCC_SYMBOLS_PRIVATE_EXTERN = NO;
				GCC_WARN_64_TO_32_BIT_CONVERSION = YES;
				GCC_WARN_ABOUT_RETURN_TYPE = YES_ERROR;
				GCC_WARN_UNDECLARED_SELECTOR = YES;
				GCC_WARN_UNINITIALIZED_AUTOS = YES;
				GCC_WARN_UNUSED_FUNCTION = YES;
				GCC_WARN_UNUSED_VARIABLE = YES;
				IPHONEOS_DEPLOYMENT_TARGET = 7.0;
				ONLY_ACTIVE_ARCH = YES;
				SDKROOT = iphoneos;
			};
			name = Debug;
		};
		00AC2FF1188E706600CE959C /* Release */ = {
			isa = XCBuildConfiguration;
			buildSettings = {
				ALWAYS_SEARCH_USER_PATHS = NO;
				ARCHS = "$(ARCHS_STANDARD_INCLUDING_64_BIT)";
				CLANG_CXX_LANGUAGE_STANDARD = "gnu++0x";
				CLANG_CXX_LIBRARY = "libc++";
				CLANG_ENABLE_MODULES = YES;
				CLANG_ENABLE_OBJC_ARC = YES;
				CLANG_WARN_BOOL_CONVERSION = YES;
				CLANG_WARN_CONSTANT_CONVERSION = YES;
				CLANG_WARN_DIRECT_OBJC_ISA_USAGE = YES_ERROR;
				CLANG_WARN_EMPTY_BODY = YES;
				CLANG_WARN_ENUM_CONVERSION = YES;
				CLANG_WARN_INT_CONVERSION = YES;
				CLANG_WARN_OBJC_ROOT_CLASS = YES_ERROR;
				CLANG_WARN__DUPLICATE_METHOD_MATCH = YES;
				"CODE_SIGN_IDENTITY[sdk=iphoneos*]" = "iPhone Developer";
				COPY_PHASE_STRIP = YES;
				ENABLE_NS_ASSERTIONS = NO;
				GCC_C_LANGUAGE_STANDARD = gnu99;
				GCC_WARN_64_TO_32_BIT_CONVERSION = YES;
				GCC_WARN_ABOUT_RETURN_TYPE = YES_ERROR;
				GCC_WARN_UNDECLARED_SELECTOR = YES;
				GCC_WARN_UNINITIALIZED_AUTOS = YES;
				GCC_WARN_UNUSED_FUNCTION = YES;
				GCC_WARN_UNUSED_VARIABLE = YES;
				IPHONEOS_DEPLOYMENT_TARGET = 7.0;
				SDKROOT = iphoneos;
				VALIDATE_PRODUCT = YES;
			};
			name = Release;
		};
		00AC2FF3188E706600CE959C /* Debug */ = {
			isa = XCBuildConfiguration;
			buildSettings = {
				ASSETCATALOG_COMPILER_APPICON_NAME = AppIcon;
				ASSETCATALOG_COMPILER_LAUNCHIMAGE_NAME = LaunchImage;
				FRAMEWORK_SEARCH_PATHS = (
					"$(inherited)",
					"/Users/sdt-1/Documents/project/Ex3.SdkFb",
				);
				GCC_PRECOMPILE_PREFIX_HEADER = YES;
				GCC_PREFIX_HEADER = "Ex3.SdkFb/Ex3.SdkFb-Prefix.pch";
				INFOPLIST_FILE = "Ex3.SdkFb/Ex3.SdkFb-Info.plist";
				PRODUCT_NAME = "$(TARGET_NAME)";
				WRAPPER_EXTENSION = app;
			};
			name = Debug;
		};
		00AC2FF4188E706600CE959C /* Release */ = {
			isa = XCBuildConfiguration;
			buildSettings = {
				ASSETCATALOG_COMPILER_APPICON_NAME = AppIcon;
				ASSETCATALOG_COMPILER_LAUNCHIMAGE_NAME = LaunchImage;
				FRAMEWORK_SEARCH_PATHS = (
					"$(inherited)",
					"/Users/sdt-1/Documents/project/Ex3.SdkFb",
				);
				GCC_PRECOMPILE_PREFIX_HEADER = YES;
				GCC_PREFIX_HEADER = "Ex3.SdkFb/Ex3.SdkFb-Prefix.pch";
				INFOPLIST_FILE = "Ex3.SdkFb/Ex3.SdkFb-Info.plist";
				PRODUCT_NAME = "$(TARGET_NAME)";
				WRAPPER_EXTENSION = app;
			};
			name = Release;
		};
		00AC2FF6188E706600CE959C /* Debug */ = {
			isa = XCBuildConfiguration;
			buildSettings = {
				ARCHS = "$(ARCHS_STANDARD_INCLUDING_64_BIT)";
				BUNDLE_LOADER = "$(BUILT_PRODUCTS_DIR)/Ex3.SdkFb.app/Ex3.SdkFb";
				FRAMEWORK_SEARCH_PATHS = (
					"$(SDKROOT)/Developer/Library/Frameworks",
					"$(inherited)",
					"$(DEVELOPER_FRAMEWORKS_DIR)",
				);
				GCC_PRECOMPILE_PREFIX_HEADER = YES;
				GCC_PREFIX_HEADER = "Ex3.SdkFb/Ex3.SdkFb-Prefix.pch";
				GCC_PREPROCESSOR_DEFINITIONS = (
					"DEBUG=1",
					"$(inherited)",
				);
				INFOPLIST_FILE = "Ex3.SdkFbTests/Ex3.SdkFbTests-Info.plist";
				PRODUCT_NAME = "$(TARGET_NAME)";
				TEST_HOST = "$(BUNDLE_LOADER)";
				WRAPPER_EXTENSION = xctest;
			};
			name = Debug;
		};
		00AC2FF7188E706600CE959C /* Release */ = {
			isa = XCBuildConfiguration;
			buildSettings = {
				ARCHS = "$(ARCHS_STANDARD_INCLUDING_64_BIT)";
				BUNDLE_LOADER = "$(BUILT_PRODUCTS_DIR)/Ex3.SdkFb.app/Ex3.SdkFb";
				FRAMEWORK_SEARCH_PATHS = (
					"$(SDKROOT)/Developer/Library/Frameworks",
					"$(inherited)",
					"$(DEVELOPER_FRAMEWORKS_DIR)",
				);
				GCC_PRECOMPILE_PREFIX_HEADER = YES;
				GCC_PREFIX_HEADER = "Ex3.SdkFb/Ex3.SdkFb-Prefix.pch";
				INFOPLIST_FILE = "Ex3.SdkFbTests/Ex3.SdkFbTests-Info.plist";
				PRODUCT_NAME = "$(TARGET_NAME)";
				TEST_HOST = "$(BUNDLE_LOADER)";
				WRAPPER_EXTENSION = xctest;
			};
			name = Release;
		};
/* End XCBuildConfiguration section */

/* Begin XCConfigurationList section */
		00AC2FBB188E706500CE959C /* Build configuration list for PBXProject "Ex3.SdkFb" */ = {
			isa = XCConfigurationList;
			buildConfigurations = (
				00AC2FF0188E706600CE959C /* Debug */,
				00AC2FF1188E706600CE959C /* Release */,
			);
			defaultConfigurationIsVisible = 0;
			defaultConfigurationName = Release;
		};
		00AC2FF2188E706600CE959C /* Build configuration list for PBXNativeTarget "Ex3.SdkFb" */ = {
			isa = XCConfigurationList;
			buildConfigurations = (
				00AC2FF3188E706600CE959C /* Debug */,
				00AC2FF4188E706600CE959C /* Release */,
			);
			defaultConfigurationIsVisible = 0;
		};
		00AC2FF5188E706600CE959C /* Build configuration list for PBXNativeTarget "Ex3.SdkFbTests" */ = {
			isa = XCConfigurationList;
			buildConfigurations = (
				00AC2FF6188E706600CE959C /* Debug */,
				00AC2FF7188E706600CE959C /* Release */,
			);
			defaultConfigurationIsVisible = 0;
		};
/* End XCConfigurationList section */
	};
	rootObject = 00AC2FB8188E706500CE959C /* Project object */;
}
